schema: '2.0'
stages:
  preprocess:
    cmd: python src/preprocessing.py
    deps:
    - path: data/raw/wednesday.csv
      hash: md5
      md5: bf0dd7e9d991987df4e13ea58a1b409c
      size: 225166395
    - path: src/preprocessing.py
      hash: md5
      md5: 4ff0ccadb206d00ec7e15f79a6d3ed32
      size: 1528
    outs:
    - path: data/processed
      hash: md5
      md5: 3737b14d641a191bdf1dcfa47616c66f.dir
      size: 990628867
      nfiles: 6
  train:
    cmd: python src/train.py
    deps:
    - path: data/processed
      hash: md5
      md5: 3737b14d641a191bdf1dcfa47616c66f.dir
      size: 990628867
      nfiles: 6
    - path: src/train.py
      hash: md5
      md5: aed442c9debc3a3eb4d49ba37b86c5ac
      size: 1765
    outs:
    - path: models
      hash: md5
      md5: 0703b003b2567f0041b545b1112fc105.dir
      size: 234315
      nfiles: 1
